// !$*UTF8*$!
{
	archiveVersion = 1;
	classes = {
	};
	objectVersion = 50;
	objects = {

/* Begin PBXBuildFile section */
		AF18768724B247B800BD4E97 /* ArrayExtension.swift in Sources */ = {isa = PBXBuildFile; fileRef = AF18768624B247B800BD4E97 /* ArrayExtension.swift */; };
		AF18768924B2497000BD4E97 /* MothersDayGreetingConstants.swift in Sources */ = {isa = PBXBuildFile; fileRef = AF18768824B2496F00BD4E97 /* MothersDayGreetingConstants.swift */; };
		AF27343724C492EB007DD997 /* MothersDayQuoteConstants.swift in Sources */ = {isa = PBXBuildFile; fileRef = AF27343624C492EB007DD997 /* MothersDayQuoteConstants.swift */; };
		AF27343924C492FD007DD997 /* BirthdayQuoteConstants.swift in Sources */ = {isa = PBXBuildFile; fileRef = AF27343824C492FD007DD997 /* BirthdayQuoteConstants.swift */; };
		AF27343B24C49312007DD997 /* FathersDayQuoteConstants.swift in Sources */ = {isa = PBXBuildFile; fileRef = AF27343A24C49312007DD997 /* FathersDayQuoteConstants.swift */; };
		AF27343D24C4933D007DD997 /* WomensDayQuoteConstants.swift in Sources */ = {isa = PBXBuildFile; fileRef = AF27343C24C4933D007DD997 /* WomensDayQuoteConstants.swift */; };
		AF27343F24C49352007DD997 /* NewYearQuoteConstants.swift in Sources */ = {isa = PBXBuildFile; fileRef = AF27343E24C49352007DD997 /* NewYearQuoteConstants.swift */; };
		AF27344124C49366007DD997 /* ChristmasQuoteConstants.swift in Sources */ = {isa = PBXBuildFile; fileRef = AF27344024C49366007DD997 /* ChristmasQuoteConstants.swift */; };
		AF27344324C49387007DD997 /* ValentinesDayQuoteConstants.swift in Sources */ = {isa = PBXBuildFile; fileRef = AF27344224C49387007DD997 /* ValentinesDayQuoteConstants.swift */; };
		AF3409A424C70131006D9C73 /* QuoteDetailCell.swift in Sources */ = {isa = PBXBuildFile; fileRef = AF3409A224C70131006D9C73 /* QuoteDetailCell.swift */; };
		AF3409A524C70131006D9C73 /* QuoteDetailCell.xib in Resources */ = {isa = PBXBuildFile; fileRef = AF3409A324C70131006D9C73 /* QuoteDetailCell.xib */; };
		AF3409A724C72652006D9C73 /* UIImageExtension.swift in Sources */ = {isa = PBXBuildFile; fileRef = AF3409A624C72652006D9C73 /* UIImageExtension.swift */; };
		AF364D7024BDC51E002AE701 /* FavCell.swift in Sources */ = {isa = PBXBuildFile; fileRef = AF364D6E24BDC51E002AE701 /* FavCell.swift */; };
		AF364D7124BDC51F002AE701 /* FavCell.xib in Resources */ = {isa = PBXBuildFile; fileRef = AF364D6F24BDC51E002AE701 /* FavCell.xib */; };
		AF37243124C175DE0063FCDD /* QuotesListViewController.swift in Sources */ = {isa = PBXBuildFile; fileRef = AF37242F24C175DE0063FCDD /* QuotesListViewController.swift */; };
		AF37243224C175DE0063FCDD /* QuotesListViewController.xib in Resources */ = {isa = PBXBuildFile; fileRef = AF37243024C175DE0063FCDD /* QuotesListViewController.xib */; };
		AF37243524C176060063FCDD /* IndividualQuotesHomeVC.swift in Sources */ = {isa = PBXBuildFile; fileRef = AF37243324C176060063FCDD /* IndividualQuotesHomeVC.swift */; };
		AF37243624C176060063FCDD /* IndividualQuotesHomeVC.xib in Resources */ = {isa = PBXBuildFile; fileRef = AF37243424C176060063FCDD /* IndividualQuotesHomeVC.xib */; };
		AF37243924C176340063FCDD /* QuotesDetailVC.swift in Sources */ = {isa = PBXBuildFile; fileRef = AF37243724C176340063FCDD /* QuotesDetailVC.swift */; };
		AF37243A24C176340063FCDD /* QuotesDetailVC.xib in Resources */ = {isa = PBXBuildFile; fileRef = AF37243824C176340063FCDD /* QuotesDetailVC.xib */; };
		AF37243D24C179B20063FCDD /* GreetingListResponse.swift in Sources */ = {isa = PBXBuildFile; fileRef = AF37243C24C179B20063FCDD /* GreetingListResponse.swift */; };
		AF37244024C179CC0063FCDD /* QuotesResponse.swift in Sources */ = {isa = PBXBuildFile; fileRef = AF37243F24C179CC0063FCDD /* QuotesResponse.swift */; };
		AF37244424C183DA0063FCDD /* QuoteListCell.swift in Sources */ = {isa = PBXBuildFile; fileRef = AF37244224C183DA0063FCDD /* QuoteListCell.swift */; };
		AF37244524C183DA0063FCDD /* QuoteListCell.xib in Resources */ = {isa = PBXBuildFile; fileRef = AF37244324C183DA0063FCDD /* QuoteListCell.xib */; };
		AF37837924B226C00001FE96 /* GreetingsHomeConstants.swift in Sources */ = {isa = PBXBuildFile; fileRef = AF37837824B226C00001FE96 /* GreetingsHomeConstants.swift */; };
		AF37837B24B22A7F0001FE96 /* HomeGreetingResponse.swift in Sources */ = {isa = PBXBuildFile; fileRef = AF37837A24B22A7F0001FE96 /* HomeGreetingResponse.swift */; };
		AF37837F24B22D3C0001FE96 /* HomeCell.swift in Sources */ = {isa = PBXBuildFile; fileRef = AF37837D24B22D3C0001FE96 /* HomeCell.swift */; };
		AF37838024B22D3C0001FE96 /* HomeCell.xib in Resources */ = {isa = PBXBuildFile; fileRef = AF37837E24B22D3C0001FE96 /* HomeCell.xib */; };
		AF37838224B22FF80001FE96 /* CustomLayout.swift in Sources */ = {isa = PBXBuildFile; fileRef = AF37838124B22FF80001FE96 /* CustomLayout.swift */; };
		AF415B1B24C4AA6600A13619 /* QuoteCell.swift in Sources */ = {isa = PBXBuildFile; fileRef = AF415B1924C4AA6600A13619 /* QuoteCell.swift */; };
		AF415B1C24C4AA6600A13619 /* QuoteCell.xib in Resources */ = {isa = PBXBuildFile; fileRef = AF415B1A24C4AA6600A13619 /* QuoteCell.xib */; };
		AF48C0AF24B9E9EC00DE8AE9 /* GreetingCell.swift in Sources */ = {isa = PBXBuildFile; fileRef = AF48C0AD24B9E9EC00DE8AE9 /* GreetingCell.swift */; };
		AF48C0B024B9E9EC00DE8AE9 /* GreetingCell.xib in Resources */ = {isa = PBXBuildFile; fileRef = AF48C0AE24B9E9EC00DE8AE9 /* GreetingCell.xib */; };
		AF48C0B224B9F1DA00DE8AE9 /* DeviceEnv.swift in Sources */ = {isa = PBXBuildFile; fileRef = AF48C0B124B9F1DA00DE8AE9 /* DeviceEnv.swift */; };
		AF966CE92530CE3C00B4CCB7 /* DusseraGreetingConstants.swift in Sources */ = {isa = PBXBuildFile; fileRef = AF966CE82530CE3B00B4CCB7 /* DusseraGreetingConstants.swift */; };
		AF966CEB2530CE5F00B4CCB7 /* FriendshipDayGreetingConstants.swift in Sources */ = {isa = PBXBuildFile; fileRef = AF966CEA2530CE5F00B4CCB7 /* FriendshipDayGreetingConstants.swift */; };
		AF966CED2530CE7400B4CCB7 /* AnniverseryGreetingConstants.swift in Sources */ = {isa = PBXBuildFile; fileRef = AF966CEC2530CE7400B4CCB7 /* AnniverseryGreetingConstants.swift */; };
		AF98FBA024ED24E500ADEF12 /* FavQuotesVC.swift in Sources */ = {isa = PBXBuildFile; fileRef = AF98FB9E24ED24E500ADEF12 /* FavQuotesVC.swift */; };
		AF98FBA124ED24E500ADEF12 /* FavQuotesVC.xib in Resources */ = {isa = PBXBuildFile; fileRef = AF98FB9F24ED24E500ADEF12 /* FavQuotesVC.xib */; };
		AF9C217B248BAAB600E718DB /* AppDelegate.swift in Sources */ = {isa = PBXBuildFile; fileRef = AF9C217A248BAAB600E718DB /* AppDelegate.swift */; };
		AF9C217D248BAAB600E718DB /* SceneDelegate.swift in Sources */ = {isa = PBXBuildFile; fileRef = AF9C217C248BAAB600E718DB /* SceneDelegate.swift */; };
		AF9C2185248BAAB700E718DB /* GreetWell.xcdatamodeld in Sources */ = {isa = PBXBuildFile; fileRef = AF9C2183248BAAB700E718DB /* GreetWell.xcdatamodeld */; };
		AF9C2187248BAABE00E718DB /* Assets.xcassets in Resources */ = {isa = PBXBuildFile; fileRef = AF9C2186248BAABE00E718DB /* Assets.xcassets */; };
		AF9C218A248BAABE00E718DB /* LaunchScreen.storyboard in Resources */ = {isa = PBXBuildFile; fileRef = AF9C2188248BAABE00E718DB /* LaunchScreen.storyboard */; };
		AFA754DB24B99F2300519A88 /* DetailViewController.swift in Sources */ = {isa = PBXBuildFile; fileRef = AFA754D924B99F2300519A88 /* DetailViewController.swift */; };
		AFA754DC24B99F2400519A88 /* DetailViewController.xib in Resources */ = {isa = PBXBuildFile; fileRef = AFA754DA24B99F2300519A88 /* DetailViewController.xib */; };
		AFA754E124B9BAA800519A88 /* IndividualGreetingHomeVC.swift in Sources */ = {isa = PBXBuildFile; fileRef = AFA754DF24B9BAA800519A88 /* IndividualGreetingHomeVC.swift */; };
		AFA754E224B9BAA800519A88 /* IndividualGreetingHomeVC.xib in Resources */ = {isa = PBXBuildFile; fileRef = AFA754E024B9BAA800519A88 /* IndividualGreetingHomeVC.xib */; };
		AFAB21302523900100796374 /* ThanksgivingGreetingConstants.swift in Sources */ = {isa = PBXBuildFile; fileRef = AFAB212F2523900100796374 /* ThanksgivingGreetingConstants.swift */; };
		AFC9BA4026D284DB00F5D332 /* CustomImageView.swift in Sources */ = {isa = PBXBuildFile; fileRef = AFC9BA3F26D284DB00F5D332 /* CustomImageView.swift */; };
		AFCE6E7824DAD53A00298666 /* DiwaliGreetingConstants.swift in Sources */ = {isa = PBXBuildFile; fileRef = AFCE6E7724DAD53A00298666 /* DiwaliGreetingConstants.swift */; };
		AFDF634324B3738D00017240 /* BirthdayGreetingConstants.swift in Sources */ = {isa = PBXBuildFile; fileRef = AFDF634224B3738D00017240 /* BirthdayGreetingConstants.swift */; };
		AFDF634524B374BD00017240 /* FathersDayGreetingConstants.swift in Sources */ = {isa = PBXBuildFile; fileRef = AFDF634424B374BD00017240 /* FathersDayGreetingConstants.swift */; };
		AFDF634724B375C800017240 /* ValentinesDayGreetingConstants.swift in Sources */ = {isa = PBXBuildFile; fileRef = AFDF634624B375C800017240 /* ValentinesDayGreetingConstants.swift */; };
		AFDF634924B3764100017240 /* CoronaInfoConstants.swift in Sources */ = {isa = PBXBuildFile; fileRef = AFDF634824B3764100017240 /* CoronaInfoConstants.swift */; };
		AFDF634B24B376AA00017240 /* GaneshChaturthiGreetingConstants.swift in Sources */ = {isa = PBXBuildFile; fileRef = AFDF634A24B376AA00017240 /* GaneshChaturthiGreetingConstants.swift */; };
		AFDF634D24B376C500017240 /* JanmashtamiGreetingConstants.swift in Sources */ = {isa = PBXBuildFile; fileRef = AFDF634C24B376C500017240 /* JanmashtamiGreetingConstants.swift */; };
		AFDF634F24B376E900017240 /* USAIndeDayGreetingConstants.swift in Sources */ = {isa = PBXBuildFile; fileRef = AFDF634E24B376E900017240 /* USAIndeDayGreetingConstants.swift */; };
		AFDF635124B376FD00017240 /* EidGreetingConstants.swift in Sources */ = {isa = PBXBuildFile; fileRef = AFDF635024B376FD00017240 /* EidGreetingConstants.swift */; };
		AFEF103524F9116100DC6C54 /* EasterGreetingConstants.swift in Sources */ = {isa = PBXBuildFile; fileRef = AFEF103424F9116100DC6C54 /* EasterGreetingConstants.swift */; };
		AFEF103724F9119600DC6C54 /* HalloweenGreetingConstants.swift in Sources */ = {isa = PBXBuildFile; fileRef = AFEF103624F9119600DC6C54 /* HalloweenGreetingConstants.swift */; };
		AFEF103924F911DE00DC6C54 /* ChristmasGreetingConstants.swift in Sources */ = {isa = PBXBuildFile; fileRef = AFEF103824F911DE00DC6C54 /* ChristmasGreetingConstants.swift */; };
		AFEF103B24F9125F00DC6C54 /* GetWellSoonGreetingConstants.swift in Sources */ = {isa = PBXBuildFile; fileRef = AFEF103A24F9125F00DC6C54 /* GetWellSoonGreetingConstants.swift */; };
		AFEF103D24F9127400DC6C54 /* DurgaPujaGreetingConstants.swift in Sources */ = {isa = PBXBuildFile; fileRef = AFEF103C24F9127400DC6C54 /* DurgaPujaGreetingConstants.swift */; };
		AFEF43E224ADFDF40028A48D /* HomeViewController.swift in Sources */ = {isa = PBXBuildFile; fileRef = AFEF43E024ADFDF40028A48D /* HomeViewController.swift */; };
		AFEF43E324ADFDF40028A48D /* HomeViewController.xib in Resources */ = {isa = PBXBuildFile; fileRef = AFEF43E124ADFDF40028A48D /* HomeViewController.xib */; };
		AFEF43E824ADFE540028A48D /* BusinessLogic.swift in Sources */ = {isa = PBXBuildFile; fileRef = AFEF43E624ADFE540028A48D /* BusinessLogic.swift */; };
		AFEF43E924ADFE540028A48D /* DataVault.swift in Sources */ = {isa = PBXBuildFile; fileRef = AFEF43E724ADFE540028A48D /* DataVault.swift */; };
		AFEF43EE24ADFE5F0028A48D /* CommonErrorViewController.swift in Sources */ = {isa = PBXBuildFile; fileRef = AFEF43EC24ADFE5F0028A48D /* CommonErrorViewController.swift */; };
		AFEF43EF24ADFE5F0028A48D /* CommonErrorViewController.xib in Resources */ = {isa = PBXBuildFile; fileRef = AFEF43ED24ADFE5F0028A48D /* CommonErrorViewController.xib */; };
		AFEF43F124AE1E4F0028A48D /* MainTabBarController.swift in Sources */ = {isa = PBXBuildFile; fileRef = AFEF43F024AE1E4F0028A48D /* MainTabBarController.swift */; };
		AFEF43F524AE1EBF0028A48D /* FavouritesViewController.swift in Sources */ = {isa = PBXBuildFile; fileRef = AFEF43F324AE1EBF0028A48D /* FavouritesViewController.swift */; };
		AFEF43F624AE1EBF0028A48D /* FavouritesViewController.xib in Resources */ = {isa = PBXBuildFile; fileRef = AFEF43F424AE1EBF0028A48D /* FavouritesViewController.xib */; };
		AFF1CCF024C9B7FF00D23667 /* WomensDayGreetingConstants.swift in Sources */ = {isa = PBXBuildFile; fileRef = AFF1CCEF24C9B7FF00D23667 /* WomensDayGreetingConstants.swift */; };
		AFFC546E2699EC9B009968AB /* NewYearConstants.swift in Sources */ = {isa = PBXBuildFile; fileRef = AFFC546D2699EC9B009968AB /* NewYearConstants.swift */; };
/* End PBXBuildFile section */

/* Begin PBXFileReference section */
		AF18768624B247B800BD4E97 /* ArrayExtension.swift */ = {isa = PBXFileReference; fileEncoding = 4; lastKnownFileType = sourcecode.swift; path = ArrayExtension.swift; sourceTree = "<group>"; };
		AF18768824B2496F00BD4E97 /* MothersDayGreetingConstants.swift */ = {isa = PBXFileReference; lastKnownFileType = sourcecode.swift; path = MothersDayGreetingConstants.swift; sourceTree = "<group>"; };
		AF27343624C492EB007DD997 /* MothersDayQuoteConstants.swift */ = {isa = PBXFileReference; lastKnownFileType = sourcecode.swift; path = MothersDayQuoteConstants.swift; sourceTree = "<group>"; };
		AF27343824C492FD007DD997 /* BirthdayQuoteConstants.swift */ = {isa = PBXFileReference; lastKnownFileType = sourcecode.swift; path = BirthdayQuoteConstants.swift; sourceTree = "<group>"; };
		AF27343A24C49312007DD997 /* FathersDayQuoteConstants.swift */ = {isa = PBXFileReference; lastKnownFileType = sourcecode.swift; path = FathersDayQuoteConstants.swift; sourceTree = "<group>"; };
		AF27343C24C4933D007DD997 /* WomensDayQuoteConstants.swift */ = {isa = PBXFileReference; lastKnownFileType = sourcecode.swift; path = WomensDayQuoteConstants.swift; sourceTree = "<group>"; };
		AF27343E24C49352007DD997 /* NewYearQuoteConstants.swift */ = {isa = PBXFileReference; lastKnownFileType = sourcecode.swift; path = NewYearQuoteConstants.swift; sourceTree = "<group>"; };
		AF27344024C49366007DD997 /* ChristmasQuoteConstants.swift */ = {isa = PBXFileReference; lastKnownFileType = sourcecode.swift; path = ChristmasQuoteConstants.swift; sourceTree = "<group>"; };
		AF27344224C49387007DD997 /* ValentinesDayQuoteConstants.swift */ = {isa = PBXFileReference; lastKnownFileType = sourcecode.swift; path = ValentinesDayQuoteConstants.swift; sourceTree = "<group>"; };
		AF3409A224C70131006D9C73 /* QuoteDetailCell.swift */ = {isa = PBXFileReference; lastKnownFileType = sourcecode.swift; path = QuoteDetailCell.swift; sourceTree = "<group>"; };
		AF3409A324C70131006D9C73 /* QuoteDetailCell.xib */ = {isa = PBXFileReference; lastKnownFileType = file.xib; path = QuoteDetailCell.xib; sourceTree = "<group>"; };
		AF3409A624C72652006D9C73 /* UIImageExtension.swift */ = {isa = PBXFileReference; fileEncoding = 4; lastKnownFileType = sourcecode.swift; path = UIImageExtension.swift; sourceTree = "<group>"; };
		AF364D6E24BDC51E002AE701 /* FavCell.swift */ = {isa = PBXFileReference; lastKnownFileType = sourcecode.swift; path = FavCell.swift; sourceTree = "<group>"; };
		AF364D6F24BDC51E002AE701 /* FavCell.xib */ = {isa = PBXFileReference; lastKnownFileType = file.xib; path = FavCell.xib; sourceTree = "<group>"; };
		AF37242F24C175DE0063FCDD /* QuotesListViewController.swift */ = {isa = PBXFileReference; lastKnownFileType = sourcecode.swift; path = QuotesListViewController.swift; sourceTree = "<group>"; };
		AF37243024C175DE0063FCDD /* QuotesListViewController.xib */ = {isa = PBXFileReference; lastKnownFileType = file.xib; path = QuotesListViewController.xib; sourceTree = "<group>"; };
		AF37243324C176060063FCDD /* IndividualQuotesHomeVC.swift */ = {isa = PBXFileReference; lastKnownFileType = sourcecode.swift; path = IndividualQuotesHomeVC.swift; sourceTree = "<group>"; };
		AF37243424C176060063FCDD /* IndividualQuotesHomeVC.xib */ = {isa = PBXFileReference; lastKnownFileType = file.xib; path = IndividualQuotesHomeVC.xib; sourceTree = "<group>"; };
		AF37243724C176340063FCDD /* QuotesDetailVC.swift */ = {isa = PBXFileReference; lastKnownFileType = sourcecode.swift; path = QuotesDetailVC.swift; sourceTree = "<group>"; };
		AF37243824C176340063FCDD /* QuotesDetailVC.xib */ = {isa = PBXFileReference; lastKnownFileType = file.xib; path = QuotesDetailVC.xib; sourceTree = "<group>"; };
		AF37243C24C179B20063FCDD /* GreetingListResponse.swift */ = {isa = PBXFileReference; lastKnownFileType = sourcecode.swift; path = GreetingListResponse.swift; sourceTree = "<group>"; };
		AF37243F24C179CC0063FCDD /* QuotesResponse.swift */ = {isa = PBXFileReference; lastKnownFileType = sourcecode.swift; path = QuotesResponse.swift; sourceTree = "<group>"; };
		AF37244224C183DA0063FCDD /* QuoteListCell.swift */ = {isa = PBXFileReference; lastKnownFileType = sourcecode.swift; path = QuoteListCell.swift; sourceTree = "<group>"; };
		AF37244324C183DA0063FCDD /* QuoteListCell.xib */ = {isa = PBXFileReference; lastKnownFileType = file.xib; path = QuoteListCell.xib; sourceTree = "<group>"; };
		AF37837824B226C00001FE96 /* GreetingsHomeConstants.swift */ = {isa = PBXFileReference; lastKnownFileType = sourcecode.swift; path = GreetingsHomeConstants.swift; sourceTree = "<group>"; };
		AF37837A24B22A7F0001FE96 /* HomeGreetingResponse.swift */ = {isa = PBXFileReference; lastKnownFileType = sourcecode.swift; path = HomeGreetingResponse.swift; sourceTree = "<group>"; };
		AF37837D24B22D3C0001FE96 /* HomeCell.swift */ = {isa = PBXFileReference; lastKnownFileType = sourcecode.swift; path = HomeCell.swift; sourceTree = "<group>"; };
		AF37837E24B22D3C0001FE96 /* HomeCell.xib */ = {isa = PBXFileReference; lastKnownFileType = file.xib; path = HomeCell.xib; sourceTree = "<group>"; };
		AF37838124B22FF80001FE96 /* CustomLayout.swift */ = {isa = PBXFileReference; fileEncoding = 4; lastKnownFileType = sourcecode.swift; path = CustomLayout.swift; sourceTree = "<group>"; };
		AF415B1924C4AA6600A13619 /* QuoteCell.swift */ = {isa = PBXFileReference; lastKnownFileType = sourcecode.swift; path = QuoteCell.swift; sourceTree = "<group>"; };
		AF415B1A24C4AA6600A13619 /* QuoteCell.xib */ = {isa = PBXFileReference; lastKnownFileType = file.xib; path = QuoteCell.xib; sourceTree = "<group>"; };
		AF48C0AD24B9E9EC00DE8AE9 /* GreetingCell.swift */ = {isa = PBXFileReference; lastKnownFileType = sourcecode.swift; path = GreetingCell.swift; sourceTree = "<group>"; };
		AF48C0AE24B9E9EC00DE8AE9 /* GreetingCell.xib */ = {isa = PBXFileReference; lastKnownFileType = file.xib; path = GreetingCell.xib; sourceTree = "<group>"; };
		AF48C0B124B9F1DA00DE8AE9 /* DeviceEnv.swift */ = {isa = PBXFileReference; fileEncoding = 4; lastKnownFileType = sourcecode.swift; path = DeviceEnv.swift; sourceTree = "<group>"; };
		AF966CE82530CE3B00B4CCB7 /* DusseraGreetingConstants.swift */ = {isa = PBXFileReference; lastKnownFileType = sourcecode.swift; path = DusseraGreetingConstants.swift; sourceTree = "<group>"; };
		AF966CEA2530CE5F00B4CCB7 /* FriendshipDayGreetingConstants.swift */ = {isa = PBXFileReference; lastKnownFileType = sourcecode.swift; path = FriendshipDayGreetingConstants.swift; sourceTree = "<group>"; };
		AF966CEC2530CE7400B4CCB7 /* AnniverseryGreetingConstants.swift */ = {isa = PBXFileReference; lastKnownFileType = sourcecode.swift; path = AnniverseryGreetingConstants.swift; sourceTree = "<group>"; };
		AF98FB9E24ED24E500ADEF12 /* FavQuotesVC.swift */ = {isa = PBXFileReference; lastKnownFileType = sourcecode.swift; path = FavQuotesVC.swift; sourceTree = "<group>"; };
		AF98FB9F24ED24E500ADEF12 /* FavQuotesVC.xib */ = {isa = PBXFileReference; lastKnownFileType = file.xib; path = FavQuotesVC.xib; sourceTree = "<group>"; };
		AF9C2177248BAAB600E718DB /* GreetWell.app */ = {isa = PBXFileReference; explicitFileType = wrapper.application; includeInIndex = 0; path = GreetWell.app; sourceTree = BUILT_PRODUCTS_DIR; };
		AF9C217A248BAAB600E718DB /* AppDelegate.swift */ = {isa = PBXFileReference; lastKnownFileType = sourcecode.swift; path = AppDelegate.swift; sourceTree = "<group>"; };
		AF9C217C248BAAB600E718DB /* SceneDelegate.swift */ = {isa = PBXFileReference; lastKnownFileType = sourcecode.swift; path = SceneDelegate.swift; sourceTree = "<group>"; };
		AF9C2184248BAAB700E718DB /* GreetWell.xcdatamodel */ = {isa = PBXFileReference; lastKnownFileType = wrapper.xcdatamodel; path = GreetWell.xcdatamodel; sourceTree = "<group>"; };
		AF9C2186248BAABE00E718DB /* Assets.xcassets */ = {isa = PBXFileReference; lastKnownFileType = folder.assetcatalog; path = Assets.xcassets; sourceTree = "<group>"; };
		AF9C2189248BAABE00E718DB /* Base */ = {isa = PBXFileReference; lastKnownFileType = file.storyboard; name = Base; path = Base.lproj/LaunchScreen.storyboard; sourceTree = "<group>"; };
		AF9C218B248BAABE00E718DB /* Info.plist */ = {isa = PBXFileReference; lastKnownFileType = text.plist.xml; path = Info.plist; sourceTree = "<group>"; };
		AFA754D924B99F2300519A88 /* DetailViewController.swift */ = {isa = PBXFileReference; lastKnownFileType = sourcecode.swift; path = DetailViewController.swift; sourceTree = "<group>"; };
		AFA754DA24B99F2300519A88 /* DetailViewController.xib */ = {isa = PBXFileReference; lastKnownFileType = file.xib; path = DetailViewController.xib; sourceTree = "<group>"; };
		AFA754DF24B9BAA800519A88 /* IndividualGreetingHomeVC.swift */ = {isa = PBXFileReference; lastKnownFileType = sourcecode.swift; path = IndividualGreetingHomeVC.swift; sourceTree = "<group>"; };
		AFA754E024B9BAA800519A88 /* IndividualGreetingHomeVC.xib */ = {isa = PBXFileReference; lastKnownFileType = file.xib; path = IndividualGreetingHomeVC.xib; sourceTree = "<group>"; };
		AFAB212F2523900100796374 /* ThanksgivingGreetingConstants.swift */ = {isa = PBXFileReference; lastKnownFileType = sourcecode.swift; path = ThanksgivingGreetingConstants.swift; sourceTree = "<group>"; };
		AFC9BA3F26D284DB00F5D332 /* CustomImageView.swift */ = {isa = PBXFileReference; fileEncoding = 4; lastKnownFileType = sourcecode.swift; path = CustomImageView.swift; sourceTree = "<group>"; };
		AFCE6E7724DAD53A00298666 /* DiwaliGreetingConstants.swift */ = {isa = PBXFileReference; lastKnownFileType = sourcecode.swift; path = DiwaliGreetingConstants.swift; sourceTree = "<group>"; };
		AFDF634224B3738D00017240 /* BirthdayGreetingConstants.swift */ = {isa = PBXFileReference; lastKnownFileType = sourcecode.swift; path = BirthdayGreetingConstants.swift; sourceTree = "<group>"; };
		AFDF634424B374BD00017240 /* FathersDayGreetingConstants.swift */ = {isa = PBXFileReference; lastKnownFileType = sourcecode.swift; path = FathersDayGreetingConstants.swift; sourceTree = "<group>"; };
		AFDF634624B375C800017240 /* ValentinesDayGreetingConstants.swift */ = {isa = PBXFileReference; lastKnownFileType = sourcecode.swift; path = ValentinesDayGreetingConstants.swift; sourceTree = "<group>"; };
		AFDF634824B3764100017240 /* CoronaInfoConstants.swift */ = {isa = PBXFileReference; lastKnownFileType = sourcecode.swift; path = CoronaInfoConstants.swift; sourceTree = "<group>"; };
		AFDF634A24B376AA00017240 /* GaneshChaturthiGreetingConstants.swift */ = {isa = PBXFileReference; lastKnownFileType = sourcecode.swift; path = GaneshChaturthiGreetingConstants.swift; sourceTree = "<group>"; };
		AFDF634C24B376C500017240 /* JanmashtamiGreetingConstants.swift */ = {isa = PBXFileReference; lastKnownFileType = sourcecode.swift; path = JanmashtamiGreetingConstants.swift; sourceTree = "<group>"; };
		AFDF634E24B376E900017240 /* USAIndeDayGreetingConstants.swift */ = {isa = PBXFileReference; lastKnownFileType = sourcecode.swift; path = USAIndeDayGreetingConstants.swift; sourceTree = "<group>"; };
		AFDF635024B376FD00017240 /* EidGreetingConstants.swift */ = {isa = PBXFileReference; lastKnownFileType = sourcecode.swift; path = EidGreetingConstants.swift; sourceTree = "<group>"; };
		AFEF103424F9116100DC6C54 /* EasterGreetingConstants.swift */ = {isa = PBXFileReference; lastKnownFileType = sourcecode.swift; path = EasterGreetingConstants.swift; sourceTree = "<group>"; };
		AFEF103624F9119600DC6C54 /* HalloweenGreetingConstants.swift */ = {isa = PBXFileReference; lastKnownFileType = sourcecode.swift; path = HalloweenGreetingConstants.swift; sourceTree = "<group>"; };
		AFEF103824F911DE00DC6C54 /* ChristmasGreetingConstants.swift */ = {isa = PBXFileReference; lastKnownFileType = sourcecode.swift; path = ChristmasGreetingConstants.swift; sourceTree = "<group>"; };
		AFEF103A24F9125F00DC6C54 /* GetWellSoonGreetingConstants.swift */ = {isa = PBXFileReference; lastKnownFileType = sourcecode.swift; path = GetWellSoonGreetingConstants.swift; sourceTree = "<group>"; };
		AFEF103C24F9127400DC6C54 /* DurgaPujaGreetingConstants.swift */ = {isa = PBXFileReference; lastKnownFileType = sourcecode.swift; path = DurgaPujaGreetingConstants.swift; sourceTree = "<group>"; };
		AFEF43E024ADFDF40028A48D /* HomeViewController.swift */ = {isa = PBXFileReference; lastKnownFileType = sourcecode.swift; path = HomeViewController.swift; sourceTree = "<group>"; };
		AFEF43E124ADFDF40028A48D /* HomeViewController.xib */ = {isa = PBXFileReference; lastKnownFileType = file.xib; path = HomeViewController.xib; sourceTree = "<group>"; };
		AFEF43E624ADFE540028A48D /* BusinessLogic.swift */ = {isa = PBXFileReference; fileEncoding = 4; lastKnownFileType = sourcecode.swift; path = BusinessLogic.swift; sourceTree = "<group>"; };
		AFEF43E724ADFE540028A48D /* DataVault.swift */ = {isa = PBXFileReference; fileEncoding = 4; lastKnownFileType = sourcecode.swift; path = DataVault.swift; sourceTree = "<group>"; };
		AFEF43EC24ADFE5F0028A48D /* CommonErrorViewController.swift */ = {isa = PBXFileReference; fileEncoding = 4; lastKnownFileType = sourcecode.swift; path = CommonErrorViewController.swift; sourceTree = "<group>"; };
		AFEF43ED24ADFE5F0028A48D /* CommonErrorViewController.xib */ = {isa = PBXFileReference; fileEncoding = 4; lastKnownFileType = file.xib; path = CommonErrorViewController.xib; sourceTree = "<group>"; };
		AFEF43F024AE1E4F0028A48D /* MainTabBarController.swift */ = {isa = PBXFileReference; fileEncoding = 4; lastKnownFileType = sourcecode.swift; path = MainTabBarController.swift; sourceTree = "<group>"; };
		AFEF43F324AE1EBF0028A48D /* FavouritesViewController.swift */ = {isa = PBXFileReference; lastKnownFileType = sourcecode.swift; path = FavouritesViewController.swift; sourceTree = "<group>"; };
		AFEF43F424AE1EBF0028A48D /* FavouritesViewController.xib */ = {isa = PBXFileReference; lastKnownFileType = file.xib; path = FavouritesViewController.xib; sourceTree = "<group>"; };
		AFF1CCEF24C9B7FF00D23667 /* WomensDayGreetingConstants.swift */ = {isa = PBXFileReference; lastKnownFileType = sourcecode.swift; path = WomensDayGreetingConstants.swift; sourceTree = "<group>"; };
		AFFC546D2699EC9B009968AB /* NewYearConstants.swift */ = {isa = PBXFileReference; lastKnownFileType = sourcecode.swift; path = NewYearConstants.swift; sourceTree = "<group>"; };
/* End PBXFileReference section */

/* Begin PBXFrameworksBuildPhase section */
		AF9C2174248BAAB600E718DB /* Frameworks */ = {
			isa = PBXFrameworksBuildPhase;
			buildActionMask = 2147483647;
			files = (
			);
			runOnlyForDeploymentPostprocessing = 0;
		};
/* End PBXFrameworksBuildPhase section */

/* Begin PBXGroup section */
		AF18768524B247AA00BD4E97 /* Extensions */ = {
			isa = PBXGroup;
			children = (
				AF3409A624C72652006D9C73 /* UIImageExtension.swift */,
				AF18768624B247B800BD4E97 /* ArrayExtension.swift */,
			);
			path = Extensions;
			sourceTree = "<group>";
		};
		AF27343524C492B3007DD997 /* QuoteConstants */ = {
			isa = PBXGroup;
			children = (
				AF27343624C492EB007DD997 /* MothersDayQuoteConstants.swift */,
				AF27343824C492FD007DD997 /* BirthdayQuoteConstants.swift */,
				AF27343A24C49312007DD997 /* FathersDayQuoteConstants.swift */,
				AF27343C24C4933D007DD997 /* WomensDayQuoteConstants.swift */,
				AF27343E24C49352007DD997 /* NewYearQuoteConstants.swift */,
				AF27344024C49366007DD997 /* ChristmasQuoteConstants.swift */,
				AF27344224C49387007DD997 /* ValentinesDayQuoteConstants.swift */,
			);
			path = QuoteConstants;
			sourceTree = "<group>";
		};
		AF3409A124C700F9006D9C73 /* Cells */ = {
			isa = PBXGroup;
			children = (
				AF3409A224C70131006D9C73 /* QuoteDetailCell.swift */,
				AF3409A324C70131006D9C73 /* QuoteDetailCell.xib */,
			);
			path = Cells;
			sourceTree = "<group>";
		};
		AF364D6D24BDC501002AE701 /* Cells */ = {
			isa = PBXGroup;
			children = (
				AF364D6E24BDC51E002AE701 /* FavCell.swift */,
				AF364D6F24BDC51E002AE701 /* FavCell.xib */,
			);
			path = Cells;
			sourceTree = "<group>";
		};
		AF37242824C174930063FCDD /* Quotes */ = {
			isa = PBXGroup;
			children = (
				AF98FB9C24ED245000ADEF12 /* FavQuotes */,
				AF37242C24C1752E0063FCDD /* Detail */,
				AF37242B24C175150063FCDD /* IndividualQuotesHome */,
				AF37242924C174A30063FCDD /* QuoteList */,
			);
			path = Quotes;
			sourceTree = "<group>";
		};
		AF37242924C174A30063FCDD /* QuoteList */ = {
			isa = PBXGroup;
			children = (
				AF37243B24C178410063FCDD /* Entity */,
				AF37242A24C174F50063FCDD /* View */,
			);
			path = QuoteList;
			sourceTree = "<group>";
		};
		AF37242A24C174F50063FCDD /* View */ = {
			isa = PBXGroup;
			children = (
				AF37244124C1836F0063FCDD /* Cells */,
				AF37242F24C175DE0063FCDD /* QuotesListViewController.swift */,
				AF37243024C175DE0063FCDD /* QuotesListViewController.xib */,
			);
			path = View;
			sourceTree = "<group>";
		};
		AF37242B24C175150063FCDD /* IndividualQuotesHome */ = {
			isa = PBXGroup;
			children = (
				AF37243E24C179BA0063FCDD /* Entity */,
				AF37242D24C175AA0063FCDD /* View */,
			);
			path = IndividualQuotesHome;
			sourceTree = "<group>";
		};
		AF37242C24C1752E0063FCDD /* Detail */ = {
			isa = PBXGroup;
			children = (
				AF37242E24C175B70063FCDD /* View */,
			);
			path = Detail;
			sourceTree = "<group>";
		};
		AF37242D24C175AA0063FCDD /* View */ = {
			isa = PBXGroup;
			children = (
				AF415B1824C4AA3300A13619 /* Cells */,
				AF37243324C176060063FCDD /* IndividualQuotesHomeVC.swift */,
				AF37243424C176060063FCDD /* IndividualQuotesHomeVC.xib */,
			);
			path = View;
			sourceTree = "<group>";
		};
		AF37242E24C175B70063FCDD /* View */ = {
			isa = PBXGroup;
			children = (
				AF3409A124C700F9006D9C73 /* Cells */,
				AF37243724C176340063FCDD /* QuotesDetailVC.swift */,
				AF37243824C176340063FCDD /* QuotesDetailVC.xib */,
			);
			path = View;
			sourceTree = "<group>";
		};
		AF37243B24C178410063FCDD /* Entity */ = {
			isa = PBXGroup;
			children = (
				AF37243C24C179B20063FCDD /* GreetingListResponse.swift */,
			);
			path = Entity;
			sourceTree = "<group>";
		};
		AF37243E24C179BA0063FCDD /* Entity */ = {
			isa = PBXGroup;
			children = (
				AF37243F24C179CC0063FCDD /* QuotesResponse.swift */,
			);
			path = Entity;
			sourceTree = "<group>";
		};
		AF37244124C1836F0063FCDD /* Cells */ = {
			isa = PBXGroup;
			children = (
				AF37244224C183DA0063FCDD /* QuoteListCell.swift */,
				AF37244324C183DA0063FCDD /* QuoteListCell.xib */,
			);
			path = Cells;
			sourceTree = "<group>";
		};
		AF37244624C1BE0B0063FCDD /* FavouritesList */ = {
			isa = PBXGroup;
			children = (
				AFEF43F224AE1E9E0028A48D /* View */,
			);
			path = FavouritesList;
			sourceTree = "<group>";
		};
		AF37837724B226A30001FE96 /* GreetingConstants */ = {
			isa = PBXGroup;
			children = (
				AF37837824B226C00001FE96 /* GreetingsHomeConstants.swift */,
				AFFC546F2699F45C009968AB /* DaysGreetings */,
				AFFC54732699FC46009968AB /* OtherGreetings */,
				AFFC54702699F487009968AB /* IndianFestivals */,
				AFFC54712699F4AE009968AB /* WorldGreetings */,
			);
			path = GreetingConstants;
			sourceTree = "<group>";
		};
		AF37837C24B22D1C0001FE96 /* Cells */ = {
			isa = PBXGroup;
			children = (
				AF37837D24B22D3C0001FE96 /* HomeCell.swift */,
				AF37837E24B22D3C0001FE96 /* HomeCell.xib */,
			);
			path = Cells;
			sourceTree = "<group>";
		};
		AF415B1824C4AA3300A13619 /* Cells */ = {
			isa = PBXGroup;
			children = (
				AF415B1924C4AA6600A13619 /* QuoteCell.swift */,
				AF415B1A24C4AA6600A13619 /* QuoteCell.xib */,
			);
			path = Cells;
			sourceTree = "<group>";
		};
		AF48C0AC24B9E9B300DE8AE9 /* Cells */ = {
			isa = PBXGroup;
			children = (
				AF48C0AD24B9E9EC00DE8AE9 /* GreetingCell.swift */,
				AF48C0AE24B9E9EC00DE8AE9 /* GreetingCell.xib */,
			);
			path = Cells;
			sourceTree = "<group>";
		};
		AF98FB9C24ED245000ADEF12 /* FavQuotes */ = {
			isa = PBXGroup;
			children = (
				AF98FB9D24ED246100ADEF12 /* View */,
			);
			path = FavQuotes;
			sourceTree = "<group>";
		};
		AF98FB9D24ED246100ADEF12 /* View */ = {
			isa = PBXGroup;
			children = (
				AF98FB9E24ED24E500ADEF12 /* FavQuotesVC.swift */,
				AF98FB9F24ED24E500ADEF12 /* FavQuotesVC.xib */,
			);
			path = View;
			sourceTree = "<group>";
		};
		AF9C216E248BAAB600E718DB = {
			isa = PBXGroup;
			children = (
				AF9C2179248BAAB600E718DB /* GreetWell */,
				AF9C2178248BAAB600E718DB /* Products */,
			);
			sourceTree = "<group>";
		};
		AF9C2178248BAAB600E718DB /* Products */ = {
			isa = PBXGroup;
			children = (
				AF9C2177248BAAB600E718DB /* GreetWell.app */,
			);
			name = Products;
			sourceTree = "<group>";
		};
		AF9C2179248BAAB600E718DB /* GreetWell */ = {
			isa = PBXGroup;
			children = (
				AF37242824C174930063FCDD /* Quotes */,
				AFEF43EA24ADFE5F0028A48D /* CommonError */,
				AFEF43E524ADFE540028A48D /* DataHandler */,
				AFEF43E424ADFE420028A48D /* Favourites */,
				AFEF43DE24ADFD6E0028A48D /* Utils */,
				AFEF43DB24ADFD580028A48D /* Home */,
				AFEF43DA24ADFC350028A48D /* App */,
				AF9C218B248BAABE00E718DB /* Info.plist */,
				AFEF43DF24ADFD990028A48D /* CoreData */,
			);
			path = GreetWell;
			sourceTree = "<group>";
		};
		AFA754D724B99EDC00519A88 /* Detail */ = {
			isa = PBXGroup;
			children = (
				AFA754D824B99EF300519A88 /* View */,
			);
			path = Detail;
			sourceTree = "<group>";
		};
		AFA754D824B99EF300519A88 /* View */ = {
			isa = PBXGroup;
			children = (
				AF48C0AC24B9E9B300DE8AE9 /* Cells */,
				AFA754D924B99F2300519A88 /* DetailViewController.swift */,
				AFA754DA24B99F2300519A88 /* DetailViewController.xib */,
			);
			path = View;
			sourceTree = "<group>";
		};
		AFA754DD24B9BA5B00519A88 /* IndividualGreetingHome */ = {
			isa = PBXGroup;
			children = (
				AFA754DE24B9BA7800519A88 /* View */,
			);
			path = IndividualGreetingHome;
			sourceTree = "<group>";
		};
		AFA754DE24B9BA7800519A88 /* View */ = {
			isa = PBXGroup;
			children = (
				AF364D6D24BDC501002AE701 /* Cells */,
				AFA754DF24B9BAA800519A88 /* IndividualGreetingHomeVC.swift */,
				AFA754E024B9BAA800519A88 /* IndividualGreetingHomeVC.xib */,
			);
			path = View;
			sourceTree = "<group>";
		};
		AFEF43DA24ADFC350028A48D /* App */ = {
			isa = PBXGroup;
			children = (
				AF9C217A248BAAB600E718DB /* AppDelegate.swift */,
				AF9C217C248BAAB600E718DB /* SceneDelegate.swift */,
				AF9C2186248BAABE00E718DB /* Assets.xcassets */,
				AF9C2188248BAABE00E718DB /* LaunchScreen.storyboard */,
			);
			path = App;
			sourceTree = "<group>";
		};
		AFEF43DB24ADFD580028A48D /* Home */ = {
			isa = PBXGroup;
			children = (
				AFA754DD24B9BA5B00519A88 /* IndividualGreetingHome */,
				AFA754D724B99EDC00519A88 /* Detail */,
				AFEF43DD24ADFD640028A48D /* Entity */,
				AFEF43DC24ADFD5F0028A48D /* View */,
			);
			path = Home;
			sourceTree = "<group>";
		};
		AFEF43DC24ADFD5F0028A48D /* View */ = {
			isa = PBXGroup;
			children = (
				AF37837C24B22D1C0001FE96 /* Cells */,
				AFEF43E024ADFDF40028A48D /* HomeViewController.swift */,
				AFEF43E124ADFDF40028A48D /* HomeViewController.xib */,
			);
			path = View;
			sourceTree = "<group>";
		};
		AFEF43DD24ADFD640028A48D /* Entity */ = {
			isa = PBXGroup;
			children = (
				AF37837A24B22A7F0001FE96 /* HomeGreetingResponse.swift */,
			);
			path = Entity;
			sourceTree = "<group>";
		};
		AFEF43DE24ADFD6E0028A48D /* Utils */ = {
			isa = PBXGroup;
			children = (
				AFC9BA3F26D284DB00F5D332 /* CustomImageView.swift */,
				AF48C0B124B9F1DA00DE8AE9 /* DeviceEnv.swift */,
				AF37838124B22FF80001FE96 /* CustomLayout.swift */,
				AFEF43F024AE1E4F0028A48D /* MainTabBarController.swift */,
				AF27343524C492B3007DD997 /* QuoteConstants */,
				AF18768524B247AA00BD4E97 /* Extensions */,
				AF37837724B226A30001FE96 /* GreetingConstants */,
			);
			path = Utils;
			sourceTree = "<group>";
		};
		AFEF43DF24ADFD990028A48D /* CoreData */ = {
			isa = PBXGroup;
			children = (
				AF9C2183248BAAB700E718DB /* GreetWell.xcdatamodeld */,
			);
			path = CoreData;
			sourceTree = "<group>";
		};
		AFEF43E424ADFE420028A48D /* Favourites */ = {
			isa = PBXGroup;
			children = (
				AF37244624C1BE0B0063FCDD /* FavouritesList */,
			);
			path = Favourites;
			sourceTree = "<group>";
		};
		AFEF43E524ADFE540028A48D /* DataHandler */ = {
			isa = PBXGroup;
			children = (
				AFEF43E624ADFE540028A48D /* BusinessLogic.swift */,
				AFEF43E724ADFE540028A48D /* DataVault.swift */,
			);
			path = DataHandler;
			sourceTree = "<group>";
		};
		AFEF43EA24ADFE5F0028A48D /* CommonError */ = {
			isa = PBXGroup;
			children = (
				AFEF43EB24ADFE5F0028A48D /* View */,
			);
			path = CommonError;
			sourceTree = "<group>";
		};
		AFEF43EB24ADFE5F0028A48D /* View */ = {
			isa = PBXGroup;
			children = (
				AFEF43EC24ADFE5F0028A48D /* CommonErrorViewController.swift */,
				AFEF43ED24ADFE5F0028A48D /* CommonErrorViewController.xib */,
			);
			path = View;
			sourceTree = "<group>";
		};
		AFEF43F224AE1E9E0028A48D /* View */ = {
			isa = PBXGroup;
			children = (
				AFEF43F324AE1EBF0028A48D /* FavouritesViewController.swift */,
				AFEF43F424AE1EBF0028A48D /* FavouritesViewController.xib */,
			);
			path = View;
			sourceTree = "<group>";
		};
		AFFC546F2699F45C009968AB /* DaysGreetings */ = {
			isa = PBXGroup;
			children = (
				AF18768824B2496F00BD4E97 /* MothersDayGreetingConstants.swift */,
				AFDF634224B3738D00017240 /* BirthdayGreetingConstants.swift */,
				AFDF634424B374BD00017240 /* FathersDayGreetingConstants.swift */,
				AFDF634624B375C800017240 /* ValentinesDayGreetingConstants.swift */,
				AFF1CCEF24C9B7FF00D23667 /* WomensDayGreetingConstants.swift */,
				AF966CEA2530CE5F00B4CCB7 /* FriendshipDayGreetingConstants.swift */,
			);
			path = DaysGreetings;
			sourceTree = "<group>";
		};
		AFFC54702699F487009968AB /* IndianFestivals */ = {
			isa = PBXGroup;
			children = (
				AFDF634A24B376AA00017240 /* GaneshChaturthiGreetingConstants.swift */,
				AFDF634C24B376C500017240 /* JanmashtamiGreetingConstants.swift */,
				AFCE6E7724DAD53A00298666 /* DiwaliGreetingConstants.swift */,
				AFEF103C24F9127400DC6C54 /* DurgaPujaGreetingConstants.swift */,
				AF966CE82530CE3B00B4CCB7 /* DusseraGreetingConstants.swift */,
			);
			path = IndianFestivals;
			sourceTree = "<group>";
		};
		AFFC54712699F4AE009968AB /* WorldGreetings */ = {
			isa = PBXGroup;
			children = (
				AFDF634E24B376E900017240 /* USAIndeDayGreetingConstants.swift */,
				AFEF103424F9116100DC6C54 /* EasterGreetingConstants.swift */,
				AFEF103624F9119600DC6C54 /* HalloweenGreetingConstants.swift */,
				AFEF103824F911DE00DC6C54 /* ChristmasGreetingConstants.swift */,
				AFDF635024B376FD00017240 /* EidGreetingConstants.swift */,
				AFAB212F2523900100796374 /* ThanksgivingGreetingConstants.swift */,
				AFFC546D2699EC9B009968AB /* NewYearConstants.swift */,
			);
			path = WorldGreetings;
			sourceTree = "<group>";
		};
		AFFC54732699FC46009968AB /* OtherGreetings */ = {
			isa = PBXGroup;
			children = (
				AFDF634824B3764100017240 /* CoronaInfoConstants.swift */,
				AFEF103A24F9125F00DC6C54 /* GetWellSoonGreetingConstants.swift */,
				AF966CEC2530CE7400B4CCB7 /* AnniverseryGreetingConstants.swift */,
			);
			path = OtherGreetings;
			sourceTree = "<group>";
		};
/* End PBXGroup section */

/* Begin PBXNativeTarget section */
		AF9C2176248BAAB600E718DB /* GreetWell */ = {
			isa = PBXNativeTarget;
			buildConfigurationList = AF9C218E248BAABF00E718DB /* Build configuration list for PBXNativeTarget "GreetWell" */;
			buildPhases = (
				AF9C2173248BAAB600E718DB /* Sources */,
				AF9C2174248BAAB600E718DB /* Frameworks */,
				AF9C2175248BAAB600E718DB /* Resources */,
				AF98FBA224ED323A00ADEF12 /* Build No Script */,
			);
			buildRules = (
			);
			dependencies = (
			);
			name = GreetWell;
			productName = GreetWell;
			productReference = AF9C2177248BAAB600E718DB /* GreetWell.app */;
			productType = "com.apple.product-type.application";
		};
/* End PBXNativeTarget section */

/* Begin PBXProject section */
		AF9C216F248BAAB600E718DB /* Project object */ = {
			isa = PBXProject;
			attributes = {
				LastSwiftUpdateCheck = 1130;
				LastUpgradeCheck = 1220;
				ORGANIZATIONNAME = "Ani Adhikary";
				TargetAttributes = {
					AF9C2176248BAAB600E718DB = {
						CreatedOnToolsVersion = 11.3;
					};
				};
			};
			buildConfigurationList = AF9C2172248BAAB600E718DB /* Build configuration list for PBXProject "GreetWell" */;
			compatibilityVersion = "Xcode 9.3";
			developmentRegion = en;
			hasScannedForEncodings = 0;
			knownRegions = (
				en,
				Base,
			);
			mainGroup = AF9C216E248BAAB600E718DB;
			productRefGroup = AF9C2178248BAAB600E718DB /* Products */;
			projectDirPath = "";
			projectRoot = "";
			targets = (
				AF9C2176248BAAB600E718DB /* GreetWell */,
			);
		};
/* End PBXProject section */

/* Begin PBXResourcesBuildPhase section */
		AF9C2175248BAAB600E718DB /* Resources */ = {
			isa = PBXResourcesBuildPhase;
			buildActionMask = 2147483647;
			files = (
				AF98FBA124ED24E500ADEF12 /* FavQuotesVC.xib in Resources */,
				AFEF43EF24ADFE5F0028A48D /* CommonErrorViewController.xib in Resources */,
				AF364D7124BDC51F002AE701 /* FavCell.xib in Resources */,
				AFEF43F624AE1EBF0028A48D /* FavouritesViewController.xib in Resources */,
				AFA754DC24B99F2400519A88 /* DetailViewController.xib in Resources */,
				AF9C218A248BAABE00E718DB /* LaunchScreen.storyboard in Resources */,
				AF3409A524C70131006D9C73 /* QuoteDetailCell.xib in Resources */,
				AF37243A24C176340063FCDD /* QuotesDetailVC.xib in Resources */,
				AF9C2187248BAABE00E718DB /* Assets.xcassets in Resources */,
				AF415B1C24C4AA6600A13619 /* QuoteCell.xib in Resources */,
				AFA754E224B9BAA800519A88 /* IndividualGreetingHomeVC.xib in Resources */,
				AF37838024B22D3C0001FE96 /* HomeCell.xib in Resources */,
				AFEF43E324ADFDF40028A48D /* HomeViewController.xib in Resources */,
				AF48C0B024B9E9EC00DE8AE9 /* GreetingCell.xib in Resources */,
				AF37243224C175DE0063FCDD /* QuotesListViewController.xib in Resources */,
				AF37244524C183DA0063FCDD /* QuoteListCell.xib in Resources */,
				AF37243624C176060063FCDD /* IndividualQuotesHomeVC.xib in Resources */,
			);
			runOnlyForDeploymentPostprocessing = 0;
		};
/* End PBXResourcesBuildPhase section */

/* Begin PBXShellScriptBuildPhase section */
		AF98FBA224ED323A00ADEF12 /* Build No Script */ = {
			isa = PBXShellScriptBuildPhase;
			buildActionMask = 2147483647;
			files = (
			);
			inputFileListPaths = (
			);
			inputPaths = (
			);
			name = "Build No Script";
			outputFileListPaths = (
			);
			outputPaths = (
			);
			runOnlyForDeploymentPostprocessing = 0;
			shellPath = /bin/sh;
			shellScript = "#!/bin/bash\nbuildNumber=$(date -u \"+%Y%m%d%H%M\")\n/usr/libexec/PlistBuddy -c \"Set :CFBundleVersion $buildNumber\" \"$INFOPLIST_FILE\"\n\n";
		};
/* End PBXShellScriptBuildPhase section */

/* Begin PBXSourcesBuildPhase section */
		AF9C2173248BAAB600E718DB /* Sources */ = {
			isa = PBXSourcesBuildPhase;
			buildActionMask = 2147483647;
			files = (
				AF27343724C492EB007DD997 /* MothersDayQuoteConstants.swift in Sources */,
				AF966CED2530CE7400B4CCB7 /* AnniverseryGreetingConstants.swift in Sources */,
				AF27343D24C4933D007DD997 /* WomensDayQuoteConstants.swift in Sources */,
				AF966CE92530CE3C00B4CCB7 /* DusseraGreetingConstants.swift in Sources */,
				AFEF43F524AE1EBF0028A48D /* FavouritesViewController.swift in Sources */,
				AFA754DB24B99F2300519A88 /* DetailViewController.swift in Sources */,
				AFCE6E7824DAD53A00298666 /* DiwaliGreetingConstants.swift in Sources */,
				AF3409A424C70131006D9C73 /* QuoteDetailCell.swift in Sources */,
				AF415B1B24C4AA6600A13619 /* QuoteCell.swift in Sources */,
				AF48C0AF24B9E9EC00DE8AE9 /* GreetingCell.swift in Sources */,
				AFDF634F24B376E900017240 /* USAIndeDayGreetingConstants.swift in Sources */,
				AF37244024C179CC0063FCDD /* QuotesResponse.swift in Sources */,
				AFAB21302523900100796374 /* ThanksgivingGreetingConstants.swift in Sources */,
				AF27344324C49387007DD997 /* ValentinesDayQuoteConstants.swift in Sources */,
				AFDF634B24B376AA00017240 /* GaneshChaturthiGreetingConstants.swift in Sources */,
				AFDF634924B3764100017240 /* CoronaInfoConstants.swift in Sources */,
				AFEF43E924ADFE540028A48D /* DataVault.swift in Sources */,
				AFEF43E824ADFE540028A48D /* BusinessLogic.swift in Sources */,
				AFFC546E2699EC9B009968AB /* NewYearConstants.swift in Sources */,
				AF27343F24C49352007DD997 /* NewYearQuoteConstants.swift in Sources */,
				AFEF103D24F9127400DC6C54 /* DurgaPujaGreetingConstants.swift in Sources */,
				AFC9BA4026D284DB00F5D332 /* CustomImageView.swift in Sources */,
				AFDF634324B3738D00017240 /* BirthdayGreetingConstants.swift in Sources */,
				AFDF634D24B376C500017240 /* JanmashtamiGreetingConstants.swift in Sources */,
				AF37837B24B22A7F0001FE96 /* HomeGreetingResponse.swift in Sources */,
				AFA754E124B9BAA800519A88 /* IndividualGreetingHomeVC.swift in Sources */,
				AFEF43F124AE1E4F0028A48D /* MainTabBarController.swift in Sources */,
				AFEF103724F9119600DC6C54 /* HalloweenGreetingConstants.swift in Sources */,
				AF364D7024BDC51E002AE701 /* FavCell.swift in Sources */,
				AF966CEB2530CE5F00B4CCB7 /* FriendshipDayGreetingConstants.swift in Sources */,
				AF27343924C492FD007DD997 /* BirthdayQuoteConstants.swift in Sources */,
				AF3409A724C72652006D9C73 /* UIImageExtension.swift in Sources */,
				AF37243124C175DE0063FCDD /* QuotesListViewController.swift in Sources */,
				AF27343B24C49312007DD997 /* FathersDayQuoteConstants.swift in Sources */,
				AF98FBA024ED24E500ADEF12 /* FavQuotesVC.swift in Sources */,
				AF18768924B2497000BD4E97 /* MothersDayGreetingConstants.swift in Sources */,
				AFEF43EE24ADFE5F0028A48D /* CommonErrorViewController.swift in Sources */,
				AFDF634724B375C800017240 /* ValentinesDayGreetingConstants.swift in Sources */,
				AFEF103524F9116100DC6C54 /* EasterGreetingConstants.swift in Sources */,
				AFDF634524B374BD00017240 /* FathersDayGreetingConstants.swift in Sources */,
				AF37837924B226C00001FE96 /* GreetingsHomeConstants.swift in Sources */,
				AF9C2185248BAAB700E718DB /* GreetWell.xcdatamodeld in Sources */,
				AFF1CCF024C9B7FF00D23667 /* WomensDayGreetingConstants.swift in Sources */,
				AF9C217B248BAAB600E718DB /* AppDelegate.swift in Sources */,
				AF9C217D248BAAB600E718DB /* SceneDelegate.swift in Sources */,
				AF37244424C183DA0063FCDD /* QuoteListCell.swift in Sources */,
				AF37837F24B22D3C0001FE96 /* HomeCell.swift in Sources */,
				AFEF103924F911DE00DC6C54 /* ChristmasGreetingConstants.swift in Sources */,
				AFDF635124B376FD00017240 /* EidGreetingConstants.swift in Sources */,
				AFEF103B24F9125F00DC6C54 /* GetWellSoonGreetingConstants.swift in Sources */,
				AF27344124C49366007DD997 /* ChristmasQuoteConstants.swift in Sources */,
				AF37243D24C179B20063FCDD /* GreetingListResponse.swift in Sources */,
				AF37243524C176060063FCDD /* IndividualQuotesHomeVC.swift in Sources */,
				AF18768724B247B800BD4E97 /* ArrayExtension.swift in Sources */,
				AF37243924C176340063FCDD /* QuotesDetailVC.swift in Sources */,
				AF37838224B22FF80001FE96 /* CustomLayout.swift in Sources */,
				AFEF43E224ADFDF40028A48D /* HomeViewController.swift in Sources */,
				AF48C0B224B9F1DA00DE8AE9 /* DeviceEnv.swift in Sources */,
			);
			runOnlyForDeploymentPostprocessing = 0;
		};
/* End PBXSourcesBuildPhase section */

/* Begin PBXVariantGroup section */
		AF9C2188248BAABE00E718DB /* LaunchScreen.storyboard */ = {
			isa = PBXVariantGroup;
			children = (
				AF9C2189248BAABE00E718DB /* Base */,
			);
			name = LaunchScreen.storyboard;
			sourceTree = "<group>";
		};
/* End PBXVariantGroup section */

/* Begin XCBuildConfiguration section */
		AF9C218C248BAABE00E718DB /* Debug */ = {
			isa = XCBuildConfiguration;
			buildSettings = {
				ALWAYS_SEARCH_USER_PATHS = NO;
				CLANG_ANALYZER_NONNULL = YES;
				CLANG_ANALYZER_NUMBER_OBJECT_CONVERSION = YES_AGGRESSIVE;
				CLANG_CXX_LANGUAGE_STANDARD = "gnu++14";
				CLANG_CXX_LIBRARY = "libc++";
				CLANG_ENABLE_MODULES = YES;
				CLANG_ENABLE_OBJC_ARC = YES;
				CLANG_ENABLE_OBJC_WEAK = YES;
				CLANG_WARN_BLOCK_CAPTURE_AUTORELEASING = YES;
				CLANG_WARN_BOOL_CONVERSION = YES;
				CLANG_WARN_COMMA = YES;
				CLANG_WARN_CONSTANT_CONVERSION = YES;
				CLANG_WARN_DEPRECATED_OBJC_IMPLEMENTATIONS = YES;
				CLANG_WARN_DIRECT_OBJC_ISA_USAGE = YES_ERROR;
				CLANG_WARN_DOCUMENTATION_COMMENTS = YES;
				CLANG_WARN_EMPTY_BODY = YES;
				CLANG_WARN_ENUM_CONVERSION = YES;
				CLANG_WARN_INFINITE_RECURSION = YES;
				CLANG_WARN_INT_CONVERSION = YES;
				CLANG_WARN_NON_LITERAL_NULL_CONVERSION = YES;
				CLANG_WARN_OBJC_IMPLICIT_RETAIN_SELF = YES;
				CLANG_WARN_OBJC_LITERAL_CONVERSION = YES;
				CLANG_WARN_OBJC_ROOT_CLASS = YES_ERROR;
				CLANG_WARN_QUOTED_INCLUDE_IN_FRAMEWORK_HEADER = YES;
				CLANG_WARN_RANGE_LOOP_ANALYSIS = YES;
				CLANG_WARN_STRICT_PROTOTYPES = YES;
				CLANG_WARN_SUSPICIOUS_MOVE = YES;
				CLANG_WARN_UNGUARDED_AVAILABILITY = YES_AGGRESSIVE;
				CLANG_WARN_UNREACHABLE_CODE = YES;
				CLANG_WARN__DUPLICATE_METHOD_MATCH = YES;
				COPY_PHASE_STRIP = NO;
				DEBUG_INFORMATION_FORMAT = dwarf;
				ENABLE_STRICT_OBJC_MSGSEND = YES;
				ENABLE_TESTABILITY = YES;
				GCC_C_LANGUAGE_STANDARD = gnu11;
				GCC_DYNAMIC_NO_PIC = NO;
				GCC_NO_COMMON_BLOCKS = YES;
				GCC_OPTIMIZATION_LEVEL = 0;
				GCC_PREPROCESSOR_DEFINITIONS = (
					"DEBUG=1",
					"$(inherited)",
				);
				GCC_WARN_64_TO_32_BIT_CONVERSION = YES;
				GCC_WARN_ABOUT_RETURN_TYPE = YES_ERROR;
				GCC_WARN_UNDECLARED_SELECTOR = YES;
				GCC_WARN_UNINITIALIZED_AUTOS = YES_AGGRESSIVE;
				GCC_WARN_UNUSED_FUNCTION = YES;
				GCC_WARN_UNUSED_VARIABLE = YES;
				IPHONEOS_DEPLOYMENT_TARGET = 13.2;
				MTL_ENABLE_DEBUG_INFO = INCLUDE_SOURCE;
				MTL_FAST_MATH = YES;
				ONLY_ACTIVE_ARCH = YES;
				SDKROOT = iphoneos;
				SWIFT_ACTIVE_COMPILATION_CONDITIONS = DEBUG;
				SWIFT_OPTIMIZATION_LEVEL = "-Onone";
			};
			name = Debug;
		};
		AF9C218D248BAABE00E718DB /* Release */ = {
			isa = XCBuildConfiguration;
			buildSettings = {
				ALWAYS_SEARCH_USER_PATHS = NO;
				CLANG_ANALYZER_NONNULL = YES;
				CLANG_ANALYZER_NUMBER_OBJECT_CONVERSION = YES_AGGRESSIVE;
				CLANG_CXX_LANGUAGE_STANDARD = "gnu++14";
				CLANG_CXX_LIBRARY = "libc++";
				CLANG_ENABLE_MODULES = YES;
				CLANG_ENABLE_OBJC_ARC = YES;
				CLANG_ENABLE_OBJC_WEAK = YES;
				CLANG_WARN_BLOCK_CAPTURE_AUTORELEASING = YES;
				CLANG_WARN_BOOL_CONVERSION = YES;
				CLANG_WARN_COMMA = YES;
				CLANG_WARN_CONSTANT_CONVERSION = YES;
				CLANG_WARN_DEPRECATED_OBJC_IMPLEMENTATIONS = YES;
				CLANG_WARN_DIRECT_OBJC_ISA_USAGE = YES_ERROR;
				CLANG_WARN_DOCUMENTATION_COMMENTS = YES;
				CLANG_WARN_EMPTY_BODY = YES;
				CLANG_WARN_ENUM_CONVERSION = YES;
				CLANG_WARN_INFINITE_RECURSION = YES;
				CLANG_WARN_INT_CONVERSION = YES;
				CLANG_WARN_NON_LITERAL_NULL_CONVERSION = YES;
				CLANG_WARN_OBJC_IMPLICIT_RETAIN_SELF = YES;
				CLANG_WARN_OBJC_LITERAL_CONVERSION = YES;
				CLANG_WARN_OBJC_ROOT_CLASS = YES_ERROR;
				CLANG_WARN_QUOTED_INCLUDE_IN_FRAMEWORK_HEADER = YES;
				CLANG_WARN_RANGE_LOOP_ANALYSIS = YES;
				CLANG_WARN_STRICT_PROTOTYPES = YES;
				CLANG_WARN_SUSPICIOUS_MOVE = YES;
				CLANG_WARN_UNGUARDED_AVAILABILITY = YES_AGGRESSIVE;
				CLANG_WARN_UNREACHABLE_CODE = YES;
				CLANG_WARN__DUPLICATE_METHOD_MATCH = YES;
				COPY_PHASE_STRIP = NO;
				DEBUG_INFORMATION_FORMAT = "dwarf-with-dsym";
				ENABLE_NS_ASSERTIONS = NO;
				ENABLE_STRICT_OBJC_MSGSEND = YES;
				GCC_C_LANGUAGE_STANDARD = gnu11;
				GCC_NO_COMMON_BLOCKS = YES;
				GCC_WARN_64_TO_32_BIT_CONVERSION = YES;
				GCC_WARN_ABOUT_RETURN_TYPE = YES_ERROR;
				GCC_WARN_UNDECLARED_SELECTOR = YES;
				GCC_WARN_UNINITIALIZED_AUTOS = YES_AGGRESSIVE;
				GCC_WARN_UNUSED_FUNCTION = YES;
				GCC_WARN_UNUSED_VARIABLE = YES;
				IPHONEOS_DEPLOYMENT_TARGET = 13.2;
				MTL_ENABLE_DEBUG_INFO = NO;
				MTL_FAST_MATH = YES;
				SDKROOT = iphoneos;
				SWIFT_COMPILATION_MODE = wholemodule;
				SWIFT_OPTIMIZATION_LEVEL = "-O";
				VALIDATE_PRODUCT = YES;
			};
			name = Release;
		};
		AF9C218F248BAABF00E718DB /* Debug */ = {
			isa = XCBuildConfiguration;
			buildSettings = {
				ASSETCATALOG_COMPILER_APPICON_NAME = AppIcon;
				CODE_SIGN_IDENTITY = "iPhone Distribution";
				CODE_SIGN_STYLE = Manual;
				DEVELOPMENT_TEAM = W3BU4T6J77;
				INFOPLIST_FILE = GreetWell/Info.plist;
				IPHONEOS_DEPLOYMENT_TARGET = 13.1;
				LD_RUNPATH_SEARCH_PATHS = (
					"$(inherited)",
					"@executable_path/Frameworks",
				);
				MARKETING_VERSION = 1.1;
				PRODUCT_BUNDLE_IDENTIFIER = com.aniadhikary.GreetWell;
				PRODUCT_NAME = "$(TARGET_NAME)";
				PROVISIONING_PROFILE_SPECIFIER = GreetwellDistProfile;
				SWIFT_VERSION = 5.0;
				TARGETED_DEVICE_FAMILY = "1,2";
			};
			name = Debug;
		};
		AF9C2190248BAABF00E718DB /* Release */ = {
			isa = XCBuildConfiguration;
			buildSettings = {
				ASSETCATALOG_COMPILER_APPICON_NAME = AppIcon;
				CODE_SIGN_IDENTITY = "iPhone Distribution";
				CODE_SIGN_STYLE = Manual;
				DEVELOPMENT_TEAM = W3BU4T6J77;
				INFOPLIST_FILE = GreetWell/Info.plist;
				IPHONEOS_DEPLOYMENT_TARGET = 13.1;
				LD_RUNPATH_SEARCH_PATHS = (
					"$(inherited)",
					"@executable_path/Frameworks",
				);
				MARKETING_VERSION = 1.1;
				PRODUCT_BUNDLE_IDENTIFIER = com.aniadhikary.GreetWell;
				PRODUCT_NAME = "$(TARGET_NAME)";
				PROVISIONING_PROFILE_SPECIFIER = GreetwellDistProfile;
				SWIFT_VERSION = 5.0;
				TARGETED_DEVICE_FAMILY = "1,2";
			};
			name = Release;
		};
/* End XCBuildConfiguration section */

/* Begin XCConfigurationList section */
		AF9C2172248BAAB600E718DB /* Build configuration list for PBXProject "GreetWell" */ = {
			isa = XCConfigurationList;
			buildConfigurations = (
				AF9C218C248BAABE00E718DB /* Debug */,
				AF9C218D248BAABE00E718DB /* Release */,
			);
			defaultConfigurationIsVisible = 0;
			defaultConfigurationName = Release;
		};
		AF9C218E248BAABF00E718DB /* Build configuration list for PBXNativeTarget "GreetWell" */ = {
			isa = XCConfigurationList;
			buildConfigurations = (
				AF9C218F248BAABF00E718DB /* Debug */,
				AF9C2190248BAABF00E718DB /* Release */,
			);
			defaultConfigurationIsVisible = 0;
			defaultConfigurationName = Release;
		};
/* End XCConfigurationList section */

/* Begin XCVersionGroup section */
		AF9C2183248BAAB700E718DB /* GreetWell.xcdatamodeld */ = {
			isa = XCVersionGroup;
			children = (
				AF9C2184248BAAB700E718DB /* GreetWell.xcdatamodel */,
			);
			currentVersion = AF9C2184248BAAB700E718DB /* GreetWell.xcdatamodel */;
			path = GreetWell.xcdatamodeld;
			sourceTree = "<group>";
			versionGroupType = wrapper.xcdatamodel;
		};
/* End XCVersionGroup section */
	};
	rootObject = AF9C216F248BAAB600E718DB /* Project object */;
}
